
Microsoft Visual Studio Solution File, Format Version 12.00
# Visual Studio Version 17
VisualStudioVersion = 17.6.33829.357
MinimumVisualStudioVersion = 10.0.40219.1
Project("{FAE04EC0-301F-11D3-BF4B-00C04F79EFBC}") = "Stringmetodları", "Stringmetodları\Stringmetodları.csproj", "{50CC6CA0-3703-43A8-91EE-23782D0FB787}"
EndProject
Global
	GlobalSection(SolutionConfigurationPlatforms) = preSolution
		Debug|Any CPU = Debug|Any CPU
		Release|Any CPU = Release|Any CPU
	EndGlobalSection
	GlobalSection(ProjectConfigurationPlatforms) = postSolution
		{50CC6CA0-3703-43A8-91EE-23782D0FB787}.Debug|Any CPU.ActiveCfg = Debug|Any CPU
		{50CC6CA0-3703-43A8-91EE-23782D0FB787}.Debug|Any CPU.Build.0 = Debug|Any CPU
		{50CC6CA0-3703-43A8-91EE-23782D0FB787}.Release|Any CPU.ActiveCfg = Release|Any CPU
		{50CC6CA0-3703-43A8-91EE-23782D0FB787}.Release|Any CPU.Build.0 = Release|Any CPU
	EndGlobalSection
	GlobalSection(SolutionProperties) = preSolution
		HideSolutionNode = FALSE
	EndGlobalSection
	GlobalSection(ExtensibilityGlobals) = postSolution
		SolutionGuid = {6A1A3F37-07CF-45AD-943C-62C31F887E5F}
	EndGlobalSection
EndGlobal
